
Microsoft Visual Studio Solution File, Format Version 12.00
# Visual Studio Version 16
VisualStudioVersion = 16.0.30320.27
MinimumVisualStudioVersion = 10.0.40219.1
Project("{FAE04EC0-301F-11D3-BF4B-00C04F79EFBC}") = "Math", "Math\Math.csproj", "{5EF3A178-73B6-4F4D-83EA-01C760527A20}"
EndProject
Project("{FAE04EC0-301F-11D3-BF4B-00C04F79EFBC}") = "ClassLibrary1", "ClassLibrary1\ClassLibrary1.csproj", "{1A30737A-952E-4586-BC68-3B2C3B376EA9}"
EndProject
Global
	GlobalSection(SolutionConfigurationPlatforms) = preSolution
		Debug|Any CPU = Debug|Any CPU
		Release|Any CPU = Release|Any CPU
	EndGlobalSection
	GlobalSection(ProjectConfigurationPlatforms) = postSolution
		{5EF3A178-73B6-4F4D-83EA-01C760527A20}.Debug|Any CPU.ActiveCfg = Debug|Any CPU
		{5EF3A178-73B6-4F4D-83EA-01C760527A20}.Debug|Any CPU.Build.0 = Debug|Any CPU
		{5EF3A178-73B6-4F4D-83EA-01C760527A20}.Release|Any CPU.ActiveCfg = Release|Any CPU
		{5EF3A178-73B6-4F4D-83EA-01C760527A20}.Release|Any CPU.Build.0 = Release|Any CPU
		{1A30737A-952E-4586-BC68-3B2C3B376EA9}.Debug|Any CPU.ActiveCfg = Debug|Any CPU
		{1A30737A-952E-4586-BC68-3B2C3B376EA9}.Debug|Any CPU.Build.0 = Debug|Any CPU
		{1A30737A-952E-4586-BC68-3B2C3B376EA9}.Release|Any CPU.ActiveCfg = Release|Any CPU
		{1A30737A-952E-4586-BC68-3B2C3B376EA9}.Release|Any CPU.Build.0 = Release|Any CPU
	EndGlobalSection
	GlobalSection(SolutionProperties) = preSolution
		HideSolutionNode = FALSE
	EndGlobalSection
	GlobalSection(ExtensibilityGlobals) = postSolution
		SolutionGuid = {BE4E7527-4202-4425-97D0-05BAECBC71CA}
	EndGlobalSection
EndGlobal
